
Microsoft Visual Studio Solution File, Format Version 12.00
# Visual Studio Version 16
VisualStudioVersion = 16.0.29509.3
MinimumVisualStudioVersion = 10.0.40219.1
Project("{FAE04EC0-301F-11D3-BF4B-00C04F79EFBC}") = "TodoDataGrid", "TodoDataGrid\TodoDataGrid.csproj", "{0314B768-5BEC-4C4E-BAE1-9A5B3E54CE29}"
EndProject
Global
	GlobalSection(SolutionConfigurationPlatforms) = preSolution
		Debug|Any CPU = Debug|Any CPU
		Release|Any CPU = Release|Any CPU
	EndGlobalSection
	GlobalSection(ProjectConfigurationPlatforms) = postSolution
		{0314B768-5BEC-4C4E-BAE1-9A5B3E54CE29}.Debug|Any CPU.ActiveCfg = Debug|Any CPU
		{0314B768-5BEC-4C4E-BAE1-9A5B3E54CE29}.Debug|Any CPU.Build.0 = Debug|Any CPU
		{0314B768-5BEC-4C4E-BAE1-9A5B3E54CE29}.Release|Any CPU.ActiveCfg = Release|Any CPU
		{0314B768-5BEC-4C4E-BAE1-9A5B3E54CE29}.Release|Any CPU.Build.0 = Release|Any CPU
	EndGlobalSection
	GlobalSection(SolutionProperties) = preSolution
		HideSolutionNode = FALSE
	EndGlobalSection
	GlobalSection(ExtensibilityGlobals) = postSolution
		SolutionGuid = {DF2A53D8-566E-457A-80C9-09165CA6D3EA}
	EndGlobalSection
EndGlobal
